
Microsoft Visual Studio Solution File, Format Version 12.00
# Visual Studio Version 16
VisualStudioVersion = 16.0.32510.428
MinimumVisualStudioVersion = 10.0.40219.1
Project("{FAE04EC0-301F-11D3-BF4B-00C04F79EFBC}") = "10ex01_02_03_04", "10ex01_02_03_04.csproj", "{3543A0D6-2C5E-4266-B2A7-D597DADB4C0C}"
EndProject
Global
	GlobalSection(SolutionConfigurationPlatforms) = preSolution
		Debug|Any CPU = Debug|Any CPU
		Release|Any CPU = Release|Any CPU
	EndGlobalSection
	GlobalSection(ProjectConfigurationPlatforms) = postSolution
		{3543A0D6-2C5E-4266-B2A7-D597DADB4C0C}.Debug|Any CPU.ActiveCfg = Debug|Any CPU
		{3543A0D6-2C5E-4266-B2A7-D597DADB4C0C}.Debug|Any CPU.Build.0 = Debug|Any CPU
		{3543A0D6-2C5E-4266-B2A7-D597DADB4C0C}.Release|Any CPU.ActiveCfg = Release|Any CPU
		{3543A0D6-2C5E-4266-B2A7-D597DADB4C0C}.Release|Any CPU.Build.0 = Release|Any CPU
	EndGlobalSection
	GlobalSection(SolutionProperties) = preSolution
		HideSolutionNode = FALSE
	EndGlobalSection
	GlobalSection(ExtensibilityGlobals) = postSolution
		SolutionGuid = {FCBEE9E6-B654-4309-AB23-7B9644D6488F}
	EndGlobalSection
EndGlobal
