
Microsoft Visual Studio Solution File, Format Version 12.00
# Visual Studio Version 17
VisualStudioVersion = 17.2.32602.215
MinimumVisualStudioVersion = 10.0.40219.1
Project("{FAE04EC0-301F-11D3-BF4B-00C04F79EFBC}") = "13ex01", "13ex01.csproj", "{19A82AEB-6AD9-40E5-B2AC-DE89BE2D7638}"
EndProject
Global
	GlobalSection(SolutionConfigurationPlatforms) = preSolution
		Debug|Any CPU = Debug|Any CPU
		Release|Any CPU = Release|Any CPU
	EndGlobalSection
	GlobalSection(ProjectConfigurationPlatforms) = postSolution
		{19A82AEB-6AD9-40E5-B2AC-DE89BE2D7638}.Debug|Any CPU.ActiveCfg = Debug|Any CPU
		{19A82AEB-6AD9-40E5-B2AC-DE89BE2D7638}.Debug|Any CPU.Build.0 = Debug|Any CPU
		{19A82AEB-6AD9-40E5-B2AC-DE89BE2D7638}.Release|Any CPU.ActiveCfg = Release|Any CPU
		{19A82AEB-6AD9-40E5-B2AC-DE89BE2D7638}.Release|Any CPU.Build.0 = Release|Any CPU
	EndGlobalSection
	GlobalSection(SolutionProperties) = preSolution
		HideSolutionNode = FALSE
	EndGlobalSection
	GlobalSection(ExtensibilityGlobals) = postSolution
		SolutionGuid = {C64B31F9-A3DA-43A8-9441-63C97036570C}
	EndGlobalSection
EndGlobal
