
Microsoft Visual Studio Solution File, Format Version 12.00
# Visual Studio Version 16
VisualStudioVersion = 16.0.32510.428
MinimumVisualStudioVersion = 10.0.40219.1
Project("{FAE04EC0-301F-11D3-BF4B-00C04F79EFBC}") = "04fix01_02_03_04", "04fix01_02_03_04.csproj", "{1ECB1605-2646-4B6A-8D7A-EB219C29FE7C}"
EndProject
Global
	GlobalSection(SolutionConfigurationPlatforms) = preSolution
		Debug|Any CPU = Debug|Any CPU
		Release|Any CPU = Release|Any CPU
	EndGlobalSection
	GlobalSection(ProjectConfigurationPlatforms) = postSolution
		{1ECB1605-2646-4B6A-8D7A-EB219C29FE7C}.Debug|Any CPU.ActiveCfg = Debug|Any CPU
		{1ECB1605-2646-4B6A-8D7A-EB219C29FE7C}.Debug|Any CPU.Build.0 = Debug|Any CPU
		{1ECB1605-2646-4B6A-8D7A-EB219C29FE7C}.Release|Any CPU.ActiveCfg = Release|Any CPU
		{1ECB1605-2646-4B6A-8D7A-EB219C29FE7C}.Release|Any CPU.Build.0 = Release|Any CPU
	EndGlobalSection
	GlobalSection(SolutionProperties) = preSolution
		HideSolutionNode = FALSE
	EndGlobalSection
	GlobalSection(ExtensibilityGlobals) = postSolution
		SolutionGuid = {AB02DAB6-D177-4298-9322-001CB1CF8141}
	EndGlobalSection
EndGlobal
